
Microsoft Visual Studio Solution File, Format Version 12.00
# Visual Studio Version 16
VisualStudioVersion = 16.0.29709.97
MinimumVisualStudioVersion = 10.0.40219.1
Project("{FAE04EC0-301F-11D3-BF4B-00C04F79EFBC}") = "GithubTesting1", "GithubTesting1\GithubTesting1.csproj", "{FB05E313-5A39-4640-A017-33848A8746B0}"
EndProject
Global
	GlobalSection(SolutionConfigurationPlatforms) = preSolution
		Debug|Any CPU = Debug|Any CPU
		Release|Any CPU = Release|Any CPU
	EndGlobalSection
	GlobalSection(ProjectConfigurationPlatforms) = postSolution
		{FB05E313-5A39-4640-A017-33848A8746B0}.Debug|Any CPU.ActiveCfg = Debug|Any CPU
		{FB05E313-5A39-4640-A017-33848A8746B0}.Debug|Any CPU.Build.0 = Debug|Any CPU
		{FB05E313-5A39-4640-A017-33848A8746B0}.Release|Any CPU.ActiveCfg = Release|Any CPU
		{FB05E313-5A39-4640-A017-33848A8746B0}.Release|Any CPU.Build.0 = Release|Any CPU
	EndGlobalSection
	GlobalSection(SolutionProperties) = preSolution
		HideSolutionNode = FALSE
	EndGlobalSection
	GlobalSection(ExtensibilityGlobals) = postSolution
		SolutionGuid = {EF9E6CAD-F29A-4611-BD42-DA40998A73C8}
	EndGlobalSection
EndGlobal
